// !$*UTF8*$!
{
	archiveVersion = 1;
	classes = {
	};
	objectVersion = 46;
	objects = {

/* Begin PBXBuildFile section */
		689211371A76F3A500FA9836 /* NoAccessViewController.m in Sources */ = {isa = PBXBuildFile; fileRef = 689211351A76F3A500FA9836 /* NoAccessViewController.m */; };
		689211381A76F3A500FA9836 /* NoAccessViewController.xib in Resources */ = {isa = PBXBuildFile; fileRef = 689211361A76F3A500FA9836 /* NoAccessViewController.xib */; };
		6898EB4B1A76CFEE00501290 /* camera-icon-png-nTXB8LgMc.png in Resources */ = {isa = PBXBuildFile; fileRef = 6898EB4A1A76CFEE00501290 /* camera-icon-png-nTXB8LgMc.png */; };
		68D5BD2C1A6F016E006E6A50 /* main.m in Sources */ = {isa = PBXBuildFile; fileRef = 68D5BD2B1A6F016E006E6A50 /* main.m */; };
		68D5BD2F1A6F016E006E6A50 /* AppDelegate.m in Sources */ = {isa = PBXBuildFile; fileRef = 68D5BD2E1A6F016E006E6A50 /* AppDelegate.m */; };
		68D5BD321A6F016E006E6A50 /* ViewController.m in Sources */ = {isa = PBXBuildFile; fileRef = 68D5BD311A6F016E006E6A50 /* ViewController.m */; };
		68D5BD351A6F016E006E6A50 /* Main.storyboard in Resources */ = {isa = PBXBuildFile; fileRef = 68D5BD331A6F016E006E6A50 /* Main.storyboard */; };
		68D5BD371A6F016E006E6A50 /* Images.xcassets in Resources */ = {isa = PBXBuildFile; fileRef = 68D5BD361A6F016E006E6A50 /* Images.xcassets */; };
		68D5BD3A1A6F016E006E6A50 /* LaunchScreen.xib in Resources */ = {isa = PBXBuildFile; fileRef = 68D5BD381A6F016E006E6A50 /* LaunchScreen.xib */; };
		68D5BD461A6F016E006E6A50 /* CameraTestTests.m in Sources */ = {isa = PBXBuildFile; fileRef = 68D5BD451A6F016E006E6A50 /* CameraTestTests.m */; };
/* End PBXBuildFile section */

/* Begin PBXContainerItemProxy section */
		68D5BD401A6F016E006E6A50 /* PBXContainerItemProxy */ = {
			isa = PBXContainerItemProxy;
			containerPortal = 68D5BD1E1A6F016E006E6A50 /* Project object */;
			proxyType = 1;
			remoteGlobalIDString = 68D5BD251A6F016E006E6A50;
			remoteInfo = CameraTest;
		};
/* End PBXContainerItemProxy section */

/* Begin PBXFileReference section */
		689211341A76F3A500FA9836 /* NoAccessViewController.h */ = {isa = PBXFileReference; fileEncoding = 4; lastKnownFileType = sourcecode.c.h; path = NoAccessViewController.h; sourceTree = "<group>"; };
		689211351A76F3A500FA9836 /* NoAccessViewController.m */ = {isa = PBXFileReference; fileEncoding = 4; lastKnownFileType = sourcecode.c.objc; path = NoAccessViewController.m; sourceTree = "<group>"; };
		689211361A76F3A500FA9836 /* NoAccessViewController.xib */ = {isa = PBXFileReference; fileEncoding = 4; lastKnownFileType = file.xib; path = NoAccessViewController.xib; sourceTree = "<group>"; };
		6898EB4A1A76CFEE00501290 /* camera-icon-png-nTXB8LgMc.png */ = {isa = PBXFileReference; lastKnownFileType = image.png; path = "camera-icon-png-nTXB8LgMc.png"; sourceTree = "<group>"; };
		68D5BD261A6F016E006E6A50 /* CameraTest.app */ = {isa = PBXFileReference; explicitFileType = wrapper.application; includeInIndex = 0; path = CameraTest.app; sourceTree = BUILT_PRODUCTS_DIR; };
		68D5BD2A1A6F016E006E6A50 /* Info.plist */ = {isa = PBXFileReference; lastKnownFileType = text.plist.xml; path = Info.plist; sourceTree = "<group>"; };
		68D5BD2B1A6F016E006E6A50 /* main.m */ = {isa = PBXFileReference; lastKnownFileType = sourcecode.c.objc; path = main.m; sourceTree = "<group>"; };
		68D5BD2D1A6F016E006E6A50 /* AppDelegate.h */ = {isa = PBXFileReference; lastKnownFileType = sourcecode.c.h; path = AppDelegate.h; sourceTree = "<group>"; };
		68D5BD2E1A6F016E006E6A50 /* AppDelegate.m */ = {isa = PBXFileReference; lastKnownFileType = sourcecode.c.objc; path = AppDelegate.m; sourceTree = "<group>"; };
		68D5BD301A6F016E006E6A50 /* ViewController.h */ = {isa = PBXFileReference; lastKnownFileType = sourcecode.c.h; path = ViewController.h; sourceTree = "<group>"; };
		68D5BD311A6F016E006E6A50 /* ViewController.m */ = {isa = PBXFileReference; lastKnownFileType = sourcecode.c.objc; path = ViewController.m; sourceTree = "<group>"; };
		68D5BD341A6F016E006E6A50 /* Base */ = {isa = PBXFileReference; lastKnownFileType = file.storyboard; name = Base; path = Base.lproj/Main.storyboard; sourceTree = "<group>"; };
		68D5BD361A6F016E006E6A50 /* Images.xcassets */ = {isa = PBXFileReference; lastKnownFileType = folder.assetcatalog; path = Images.xcassets; sourceTree = "<group>"; };
		68D5BD391A6F016E006E6A50 /* Base */ = {isa = PBXFileReference; lastKnownFileType = file.xib; name = Base; path = Base.lproj/LaunchScreen.xib; sourceTree = "<group>"; };
		68D5BD3F1A6F016E006E6A50 /* CameraTestTests.xctest */ = {isa = PBXFileReference; explicitFileType = wrapper.cfbundle; includeInIndex = 0; path = CameraTestTests.xctest; sourceTree = BUILT_PRODUCTS_DIR; };
		68D5BD441A6F016E006E6A50 /* Info.plist */ = {isa = PBXFileReference; lastKnownFileType = text.plist.xml; path = Info.plist; sourceTree = "<group>"; };
		68D5BD451A6F016E006E6A50 /* CameraTestTests.m */ = {isa = PBXFileReference; lastKnownFileType = sourcecode.c.objc; path = CameraTestTests.m; sourceTree = "<group>"; };
/* End PBXFileReference section */

/* Begin PBXFrameworksBuildPhase section */
		68D5BD231A6F016E006E6A50 /* Frameworks */ = {
			isa = PBXFrameworksBuildPhase;
			buildActionMask = 2147483647;
			files = (
			);
			runOnlyForDeploymentPostprocessing = 0;
		};
		68D5BD3C1A6F016E006E6A50 /* Frameworks */ = {
			isa = PBXFrameworksBuildPhase;
			buildActionMask = 2147483647;
			files = (
			);
			runOnlyForDeploymentPostprocessing = 0;
		};
/* End PBXFrameworksBuildPhase section */

/* Begin PBXGroup section */
		68D5BD1D1A6F016E006E6A50 = {
			isa = PBXGroup;
			children = (
				68D5BD281A6F016E006E6A50 /* CameraTest */,
				68D5BD421A6F016E006E6A50 /* CameraTestTests */,
				68D5BD271A6F016E006E6A50 /* Products */,
			);
			sourceTree = "<group>";
		};
		68D5BD271A6F016E006E6A50 /* Products */ = {
			isa = PBXGroup;
			children = (
				68D5BD261A6F016E006E6A50 /* CameraTest.app */,
				68D5BD3F1A6F016E006E6A50 /* CameraTestTests.xctest */,
			);
			name = Products;
			sourceTree = "<group>";
		};
		68D5BD281A6F016E006E6A50 /* CameraTest */ = {
			isa = PBXGroup;
			children = (
				68D5BD2D1A6F016E006E6A50 /* AppDelegate.h */,
				68D5BD2E1A6F016E006E6A50 /* AppDelegate.m */,
				68D5BD301A6F016E006E6A50 /* ViewController.h */,
				68D5BD311A6F016E006E6A50 /* ViewController.m */,
				68D5BD331A6F016E006E6A50 /* Main.storyboard */,
				689211341A76F3A500FA9836 /* NoAccessViewController.h */,
				689211351A76F3A500FA9836 /* NoAccessViewController.m */,
				689211361A76F3A500FA9836 /* NoAccessViewController.xib */,
				6898EB4A1A76CFEE00501290 /* camera-icon-png-nTXB8LgMc.png */,
				68D5BD361A6F016E006E6A50 /* Images.xcassets */,
				68D5BD381A6F016E006E6A50 /* LaunchScreen.xib */,
				68D5BD291A6F016E006E6A50 /* Supporting Files */,
			);
			path = CameraTest;
			sourceTree = "<group>";
		};
		68D5BD291A6F016E006E6A50 /* Supporting Files */ = {
			isa = PBXGroup;
			children = (
				68D5BD2A1A6F016E006E6A50 /* Info.plist */,
				68D5BD2B1A6F016E006E6A50 /* main.m */,
			);
			name = "Supporting Files";
			sourceTree = "<group>";
		};
		68D5BD421A6F016E006E6A50 /* CameraTestTests */ = {
			isa = PBXGroup;
			children = (
				68D5BD451A6F016E006E6A50 /* CameraTestTests.m */,
				68D5BD431A6F016E006E6A50 /* Supporting Files */,
			);
			path = CameraTestTests;
			sourceTree = "<group>";
		};
		68D5BD431A6F016E006E6A50 /* Supporting Files */ = {
			isa = PBXGroup;
			children = (
				68D5BD441A6F016E006E6A50 /* Info.plist */,
			);
			name = "Supporting Files";
			sourceTree = "<group>";
		};
/* End PBXGroup section */

/* Begin PBXNativeTarget section */
		68D5BD251A6F016E006E6A50 /* CameraTest */ = {
			isa = PBXNativeTarget;
			buildConfigurationList = 68D5BD491A6F016E006E6A50 /* Build configuration list for PBXNativeTarget "CameraTest" */;
			buildPhases = (
				68D5BD221A6F016E006E6A50 /* Sources */,
				68D5BD231A6F016E006E6A50 /* Frameworks */,
				68D5BD241A6F016E006E6A50 /* Resources */,
			);
			buildRules = (
			);
			dependencies = (
			);
			name = CameraTest;
			productName = CameraTest;
			productReference = 68D5BD261A6F016E006E6A50 /* CameraTest.app */;
			productType = "com.apple.product-type.application";
		};
		68D5BD3E1A6F016E006E6A50 /* CameraTestTests */ = {
			isa = PBXNativeTarget;
			buildConfigurationList = 68D5BD4C1A6F016E006E6A50 /* Build configuration list for PBXNativeTarget "CameraTestTests" */;
			buildPhases = (
				68D5BD3B1A6F016E006E6A50 /* Sources */,
				68D5BD3C1A6F016E006E6A50 /* Frameworks */,
				68D5BD3D1A6F016E006E6A50 /* Resources */,
			);
			buildRules = (
			);
			dependencies = (
				68D5BD411A6F016E006E6A50 /* PBXTargetDependency */,
			);
			name = CameraTestTests;
			productName = CameraTestTests;
			productReference = 68D5BD3F1A6F016E006E6A50 /* CameraTestTests.xctest */;
			productType = "com.apple.product-type.bundle.unit-test";
		};
/* End PBXNativeTarget section */

/* Begin PBXProject section */
		68D5BD1E1A6F016E006E6A50 /* Project object */ = {
			isa = PBXProject;
			attributes = {
				LastUpgradeCheck = 0610;
				ORGANIZATIONNAME = "Joel Klabo";
				TargetAttributes = {
					68D5BD251A6F016E006E6A50 = {
						CreatedOnToolsVersion = 6.1.1;
					};
					68D5BD3E1A6F016E006E6A50 = {
						CreatedOnToolsVersion = 6.1.1;
						TestTargetID = 68D5BD251A6F016E006E6A50;
					};
				};
			};
			buildConfigurationList = 68D5BD211A6F016E006E6A50 /* Build configuration list for PBXProject "CameraTest" */;
			compatibilityVersion = "Xcode 3.2";
			developmentRegion = English;
			hasScannedForEncodings = 0;
			knownRegions = (
				en,
				Base,
			);
			mainGroup = 68D5BD1D1A6F016E006E6A50;
			productRefGroup = 68D5BD271A6F016E006E6A50 /* Products */;
			projectDirPath = "";
			projectRoot = "";
			targets = (
				68D5BD251A6F016E006E6A50 /* CameraTest */,
				68D5BD3E1A6F016E006E6A50 /* CameraTestTests */,
			);
		};
/* End PBXProject section */

/* Begin PBXResourcesBuildPhase section */
		68D5BD241A6F016E006E6A50 /* Resources */ = {
			isa = PBXResourcesBuildPhase;
			buildActionMask = 2147483647;
			files = (
				68D5BD351A6F016E006E6A50 /* Main.storyboard in Resources */,
				689211381A76F3A500FA9836 /* NoAccessViewController.xib in Resources */,
				6898EB4B1A76CFEE00501290 /* camera-icon-png-nTXB8LgMc.png in Resources */,
				68D5BD3A1A6F016E006E6A50 /* LaunchScreen.xib in Resources */,
				68D5BD371A6F016E006E6A50 /* Images.xcassets in Resources */,
			);
			runOnlyForDeploymentPostprocessing = 0;
		};
		68D5BD3D1A6F016E006E6A50 /* Resources */ = {
			isa = PBXResourcesBuildPhase;
			buildActionMask = 2147483647;
			files = (
			);
			runOnlyForDeploymentPostprocessing = 0;
		};
/* End PBXResourcesBuildPhase section */

/* Begin PBXSourcesBuildPhase section */
		68D5BD221A6F016E006E6A50 /* Sources */ = {
			isa = PBXSourcesBuildPhase;
			buildActionMask = 2147483647;
			files = (
				68D5BD321A6F016E006E6A50 /* ViewController.m in Sources */,
				689211371A76F3A500FA9836 /* NoAccessViewController.m in Sources */,
				68D5BD2F1A6F016E006E6A50 /* AppDelegate.m in Sources */,
				68D5BD2C1A6F016E006E6A50 /* main.m in Sources */,
			);
			runOnlyForDeploymentPostprocessing = 0;
		};
		68D5BD3B1A6F016E006E6A50 /* Sources */ = {
			isa = PBXSourcesBuildPhase;
			buildActionMask = 2147483647;
			files = (
				68D5BD461A6F016E006E6A50 /* CameraTestTests.m in Sources */,
			);
			runOnlyForDeploymentPostprocessing = 0;
		};
/* End PBXSourcesBuildPhase section */

/* Begin PBXTargetDependency section */
		68D5BD411A6F016E006E6A50 /* PBXTargetDependency */ = {
			isa = PBXTargetDependency;
			target = 68D5BD251A6F016E006E6A50 /* CameraTest */;
			targetProxy = 68D5BD401A6F016E006E6A50 /* PBXContainerItemProxy */;
		};
/* End PBXTargetDependency section */

/* Begin PBXVariantGroup section */
		68D5BD331A6F016E006E6A50 /* Main.storyboard */ = {
			isa = PBXVariantGroup;
			children = (
				68D5BD341A6F016E006E6A50 /* Base */,
			);
			name = Main.storyboard;
			sourceTree = "<group>";
		};
		68D5BD381A6F016E006E6A50 /* LaunchScreen.xib */ = {
			isa = PBXVariantGroup;
			children = (
				68D5BD391A6F016E006E6A50 /* Base */,
			);
			name = LaunchScreen.xib;
			sourceTree = "<group>";
		};
/* End PBXVariantGroup section */

/* Begin XCBuildConfiguration section */
		68D5BD471A6F016E006E6A50 /* Debug */ = {
			isa = XCBuildConfiguration;
			buildSettings = {
				ALWAYS_SEARCH_USER_PATHS = NO;
				CLANG_CXX_LANGUAGE_STANDARD = "gnu++0x";
				CLANG_CXX_LIBRARY = "libc++";
				CLANG_ENABLE_MODULES = YES;
				CLANG_ENABLE_OBJC_ARC = YES;
				CLANG_WARN_BOOL_CONVERSION = YES;
				CLANG_WARN_CONSTANT_CONVERSION = YES;
				CLANG_WARN_DIRECT_OBJC_ISA_USAGE = YES_ERROR;
				CLANG_WARN_EMPTY_BODY = YES;
				CLANG_WARN_ENUM_CONVERSION = YES;
				CLANG_WARN_INT_CONVERSION = YES;
				CLANG_WARN_OBJC_ROOT_CLASS = YES_ERROR;
				CLANG_WARN_UNREACHABLE_CODE = YES;
				CLANG_WARN__DUPLICATE_METHOD_MATCH = YES;
				"CODE_SIGN_IDENTITY[sdk=iphoneos*]" = "iPhone Developer";
				COPY_PHASE_STRIP = NO;
				ENABLE_STRICT_OBJC_MSGSEND = YES;
				GCC_C_LANGUAGE_STANDARD = gnu99;
				GCC_DYNAMIC_NO_PIC = NO;
				GCC_OPTIMIZATION_LEVEL = 0;
				GCC_PREPROCESSOR_DEFINITIONS = (
					"DEBUG=1",
					"$(inherited)",
				);
				GCC_SYMBOLS_PRIVATE_EXTERN = NO;
				GCC_WARN_64_TO_32_BIT_CONVERSION = YES;
				GCC_WARN_ABOUT_RETURN_TYPE = YES_ERROR;
				GCC_WARN_UNDECLARED_SELECTOR = YES;
				GCC_WARN_UNINITIALIZED_AUTOS = YES_AGGRESSIVE;
				GCC_WARN_UNUSED_FUNCTION = YES;
				GCC_WARN_UNUSED_VARIABLE = YES;
				IPHONEOS_DEPLOYMENT_TARGET = 8.1;
				MTL_ENABLE_DEBUG_INFO = YES;
				ONLY_ACTIVE_ARCH = YES;
				SDKROOT = iphoneos;
				TARGETED_DEVICE_FAMILY = "1,2";
			};
			name = Debug;
		};
		68D5BD481A6F016E006E6A50 /* Release */ = {
			isa = XCBuildConfiguration;
			buildSettings = {
				ALWAYS_SEARCH_USER_PATHS = NO;
				CLANG_CXX_LANGUAGE_STANDARD = "gnu++0x";
				CLANG_CXX_LIBRARY = "libc++";
				CLANG_ENABLE_MODULES = YES;
				CLANG_ENABLE_OBJC_ARC = YES;
				CLANG_WARN_BOOL_CONVERSION = YES;
				CLANG_WARN_CONSTANT_CONVERSION = YES;
				CLANG_WARN_DIRECT_OBJC_ISA_USAGE = YES_ERROR;
				CLANG_WARN_EMPTY_BODY = YES;
				CLANG_WARN_ENUM_CONVERSION = YES;
				CLANG_WARN_INT_CONVERSION = YES;
				CLANG_WARN_OBJC_ROOT_CLASS = YES_ERROR;
				CLANG_WARN_UNREACHABLE_CODE = YES;
				CLANG_WARN__DUPLICATE_METHOD_MATCH = YES;
				"CODE_SIGN_IDENTITY[sdk=iphoneos*]" = "iPhone Developer";
				COPY_PHASE_STRIP = YES;
				ENABLE_NS_ASSERTIONS = NO;
				ENABLE_STRICT_OBJC_MSGSEND = YES;
				GCC_C_LANGUAGE_STANDARD = gnu99;
				GCC_WARN_64_TO_32_BIT_CONVERSION = YES;
				GCC_WARN_ABOUT_RETURN_TYPE = YES_ERROR;
				GCC_WARN_UNDECLARED_SELECTOR = YES;
				GCC_WARN_UNINITIALIZED_AUTOS = YES_AGGRESSIVE;
				GCC_WARN_UNUSED_FUNCTION = YES;
				GCC_WARN_UNUSED_VARIABLE = YES;
				IPHONEOS_DEPLOYMENT_TARGET = 8.1;
				MTL_ENABLE_DEBUG_INFO = NO;
				SDKROOT = iphoneos;
				TARGETED_DEVICE_FAMILY = "1,2";
				VALIDATE_PRODUCT = YES;
			};
			name = Release;
		};
		68D5BD4A1A6F016E006E6A50 /* Debug */ = {
			isa = XCBuildConfiguration;
			buildSettings = {
				ASSETCATALOG_COMPILER_APPICON_NAME = AppIcon;
				INFOPLIST_FILE = CameraTest/Info.plist;
				LD_RUNPATH_SEARCH_PATHS = "$(inherited) @executable_path/Frameworks";
				PRODUCT_NAME = "$(TARGET_NAME)";
			};
			name = Debug;
		};
		68D5BD4B1A6F016E006E6A50 /* Release */ = {
			isa = XCBuildConfiguration;
			buildSettings = {
				ASSETCATALOG_COMPILER_APPICON_NAME = AppIcon;
				INFOPLIST_FILE = CameraTest/Info.plist;
				LD_RUNPATH_SEARCH_PATHS = "$(inherited) @executable_path/Frameworks";
				PRODUCT_NAME = "$(TARGET_NAME)";
			};
			name = Release;
		};
		68D5BD4D1A6F016E006E6A50 /* Debug */ = {
			isa = XCBuildConfiguration;
			buildSettings = {
				BUNDLE_LOADER = "$(TEST_HOST)";
				FRAMEWORK_SEARCH_PATHS = (
					"$(SDKROOT)/Developer/Library/Frameworks",
					"$(inherited)",
				);
				GCC_PREPROCESSOR_DEFINITIONS = (
					"DEBUG=1",
					"$(inherited)",
				);
				INFOPLIST_FILE = CameraTestTests/Info.plist;
				LD_RUNPATH_SEARCH_PATHS = "$(inherited) @executable_path/Frameworks @loader_path/Frameworks";
				PRODUCT_NAME = "$(TARGET_NAME)";
				TEST_HOST = "$(BUILT_PRODUCTS_DIR)/CameraTest.app/CameraTest";
			};
			name = Debug;
		};
		68D5BD4E1A6F016E006E6A50 /* Release */ = {
			isa = XCBuildConfiguration;
			buildSettings = {
				BUNDLE_LOADER = "$(TEST_HOST)";
				FRAMEWORK_SEARCH_PATHS = (
					"$(SDKROOT)/Developer/Library/Frameworks",
					"$(inherited)",
				);
				INFOPLIST_FILE = CameraTestTests/Info.plist;
				LD_RUNPATH_SEARCH_PATHS = "$(inherited) @executable_path/Frameworks @loader_path/Frameworks";
				PRODUCT_NAME = "$(TARGET_NAME)";
				TEST_HOST = "$(BUILT_PRODUCTS_DIR)/CameraTest.app/CameraTest";
			};
			name = Release;
		};
/* End XCBuildConfiguration section */

/* Begin XCConfigurationList section */
		68D5BD211A6F016E006E6A50 /* Build configuration list for PBXProject "CameraTest" */ = {
			isa = XCConfigurationList;
			buildConfigurations = (
				68D5BD471A6F016E006E6A50 /* Debug */,
				68D5BD481A6F016E006E6A50 /* Release */,
			);
			defaultConfigurationIsVisible = 0;
			defaultConfigurationName = Release;
		};
		68D5BD491A6F016E006E6A50 /* Build configuration list for PBXNativeTarget "CameraTest" */ = {
			isa = XCConfigurationList;
			buildConfigurations = (
				68D5BD4A1A6F016E006E6A50 /* Debug */,
				68D5BD4B1A6F016E006E6A50 /* Release */,
			);
			defaultConfigurationIsVisible = 0;
			defaultConfigurationName = Release;
		};
		68D5BD4C1A6F016E006E6A50 /* Build configuration list for PBXNativeTarget "CameraTestTests" */ = {
			isa = XCConfigurationList;
			buildConfigurations = (
				68D5BD4D1A6F016E006E6A50 /* Debug */,
				68D5BD4E1A6F016E006E6A50 /* Release */,
			);
			defaultConfigurationIsVisible = 0;
			defaultConfigurationName = Release;
		};
/* End XCConfigurationList section */
	};
	rootObject = 68D5BD1E1A6F016E006E6A50 /* Project object */;
}
